# This file is automatically @generated by Cargo.
# It is not intended for manual editing.
[[package]]
name = "d2018-01"
version = "0.1.0"

[[package]]
name = "d2018-02"
version = "0.1.0"

[[package]]
name = "d2018-03"
version = "0.1.0"

[[package]]
name = "d2018-04"
version = "0.1.0"

[[package]]
name = "d2018-05"
version = "0.1.0"

[[package]]
name = "d2018-06"
version = "0.1.0"

[[package]]
name = "d2018-07"
version = "0.1.0"

[[package]]
name = "d2018-08"
version = "0.1.0"

[[package]]
name = "d2018-09"
version = "0.1.0"

[[package]]
name = "d2018-10"
version = "0.1.0"

[[package]]
name = "d2018-11"
version = "0.1.0"

[[package]]
name = "d2018-12"
version = "0.1.0"

[[package]]
name = "d2018-13"
version = "0.1.0"

[[package]]
name = "d2018-14"
version = "0.1.0"

[[package]]
name = "d2018-15"
version = "0.1.0"

[[package]]
name = "d2018-16"
version = "0.1.0"

[[package]]
name = "d2018-17"
version = "0.1.0"

[[package]]
name = "d2018-18"
version = "0.1.0"

[[package]]
name = "d2018-19"
version = "0.1.0"

[[package]]
name = "d2018-20"
version = "0.1.0"

[[package]]
name = "d2018-21"
version = "0.1.0"

[[package]]
name = "d2018-22"
version = "0.1.0"

[[package]]
name = "d2018-23"
version = "0.1.0"

[[package]]
name = "d2018-24"
version = "0.1.0"

[[package]]
name = "d2018-25"
version = "0.1.0"

[[package]]
name = "d2019-01"
version = "0.1.0"

[[package]]
name = "d2019-02"
version = "0.1.0"

[[package]]
name = "d2019-03"
version = "0.1.0"

[[package]]
name = "d2019-04"
version = "0.1.0"

[[package]]
name = "d2019-05"
version = "0.1.0"

[[package]]
name = "d2019-06"
version = "0.1.0"

[[package]]
name = "d2019-07"
version = "0.1.0"

[[package]]
name = "d2019-08"
version = "0.1.0"

[[package]]
name = "d2019-09"
version = "0.1.0"

[[package]]
name = "d2019-10"
version = "0.1.0"

[[package]]
name = "d2019-11"
version = "0.1.0"

[[package]]
name = "d2019-12"
version = "0.1.0"

[[package]]
name = "d2019-13"
version = "0.1.0"

[[package]]
name = "d2019-14"
version = "0.1.0"

[[package]]
name = "d2019-15"
version = "0.1.0"

[[package]]
name = "d2019-16"
version = "0.1.0"

[[package]]
name = "d2019-17"
version = "0.1.0"

[[package]]
name = "d2019-18"
version = "0.1.0"

[[package]]
name = "d2019-19"
version = "0.1.0"

[[package]]
name = "d2019-20"
version = "0.1.0"

[[package]]
name = "d2019-21"
version = "0.1.0"

[[package]]
name = "d2019-22"
version = "0.1.0"

[[package]]
name = "d2019-23"
version = "0.1.0"

[[package]]
name = "d2019-24"
version = "0.1.0"

[[package]]
name = "d2019-25"
version = "0.1.0"

