# This file is automatically @generated by Cargo.
# It is not intended for manual editing.
version = 3

[[package]]
name = "d2019-02"
version = "0.1.0"
dependencies = [
 "intcode",
]

[[package]]
name = "d2019-03"
version = "0.1.0"

[[package]]
name = "d2019-04"
version = "0.1.0"

[[package]]
name = "d2019-05"
version = "0.1.0"
dependencies = [
 "intcode",
]

[[package]]
name = "intcode"
version = "0.1.0"
